// !$*UTF8*$!
{
	archiveVersion = 1;
	classes = {
	};
	objectVersion = 56;
	objects = {

/* Begin PBXBuildFile section */
		83B32E562984D9D500023668 /* global.cpp in Sources */ = {isa = PBXBuildFile; fileRef = 83B32E492984D9D500023668 /* global.cpp */; };
		83B32E572984D9D500023668 /* Verb.cpp in Sources */ = {isa = PBXBuildFile; fileRef = 83B32E4A2984D9D500023668 /* Verb.cpp */; };
		83B32E582984D9D500023668 /* Noun.cpp in Sources */ = {isa = PBXBuildFile; fileRef = 83B32E4B2984D9D500023668 /* Noun.cpp */; };
		83B32E592984D9D500023668 /* Word.cpp in Sources */ = {isa = PBXBuildFile; fileRef = 83B32E4C2984D9D500023668 /* Word.cpp */; };
		83B32E5A2984D9D500023668 /* Adjective.cpp in Sources */ = {isa = PBXBuildFile; fileRef = 83B32E502984D9D500023668 /* Adjective.cpp */; };
		83B32E5B2984D9D500023668 /* Adverb.cpp in Sources */ = {isa = PBXBuildFile; fileRef = 83B32E512984D9D500023668 /* Adverb.cpp */; };
		83B32E5C2984D9D500023668 /* main.cpp in Sources */ = {isa = PBXBuildFile; fileRef = 83B32E522984D9D500023668 /* main.cpp */; };
/* End PBXBuildFile section */

/* Begin PBXCopyFilesBuildPhase section */
		8305DC072984D81E00BAB753 /* CopyFiles */ = {
			isa = PBXCopyFilesBuildPhase;
			buildActionMask = 2147483647;
			dstPath = /usr/share/man/man1/;
			dstSubfolderSpec = 0;
			files = (
			);
			runOnlyForDeploymentPostprocessing = 1;
		};
/* End PBXCopyFilesBuildPhase section */

/* Begin PBXFileReference section */
		8305DC092984D81E00BAB753 /* Lexical Formatter */ = {isa = PBXFileReference; explicitFileType = "compiled.mach-o.executable"; includeInIndex = 0; path = "Lexical Formatter"; sourceTree = BUILT_PRODUCTS_DIR; };
		83B32E482984D9D500023668 /* README.md */ = {isa = PBXFileReference; fileEncoding = 4; lastKnownFileType = net.daringfireball.markdown; path = README.md; sourceTree = "<group>"; };
		83B32E492984D9D500023668 /* global.cpp */ = {isa = PBXFileReference; fileEncoding = 4; lastKnownFileType = sourcecode.cpp.cpp; path = global.cpp; sourceTree = "<group>"; };
		83B32E4A2984D9D500023668 /* Verb.cpp */ = {isa = PBXFileReference; fileEncoding = 4; lastKnownFileType = sourcecode.cpp.cpp; path = Verb.cpp; sourceTree = "<group>"; };
		83B32E4B2984D9D500023668 /* Noun.cpp */ = {isa = PBXFileReference; fileEncoding = 4; lastKnownFileType = sourcecode.cpp.cpp; path = Noun.cpp; sourceTree = "<group>"; };
		83B32E4C2984D9D500023668 /* Word.cpp */ = {isa = PBXFileReference; fileEncoding = 4; lastKnownFileType = sourcecode.cpp.cpp; path = Word.cpp; sourceTree = "<group>"; };
		83B32E4D2984D9D500023668 /* global.h */ = {isa = PBXFileReference; fileEncoding = 4; lastKnownFileType = sourcecode.c.h; path = global.h; sourceTree = "<group>"; };
		83B32E4E2984D9D500023668 /* Adverb.h */ = {isa = PBXFileReference; fileEncoding = 4; lastKnownFileType = sourcecode.c.h; path = Adverb.h; sourceTree = "<group>"; };
		83B32E4F2984D9D500023668 /* Noun.h */ = {isa = PBXFileReference; fileEncoding = 4; lastKnownFileType = sourcecode.c.h; path = Noun.h; sourceTree = "<group>"; };
		83B32E502984D9D500023668 /* Adjective.cpp */ = {isa = PBXFileReference; fileEncoding = 4; lastKnownFileType = sourcecode.cpp.cpp; path = Adjective.cpp; sourceTree = "<group>"; };
		83B32E512984D9D500023668 /* Adverb.cpp */ = {isa = PBXFileReference; fileEncoding = 4; lastKnownFileType = sourcecode.cpp.cpp; path = Adverb.cpp; sourceTree = "<group>"; };
		83B32E522984D9D500023668 /* main.cpp */ = {isa = PBXFileReference; fileEncoding = 4; lastKnownFileType = sourcecode.cpp.cpp; path = main.cpp; sourceTree = "<group>"; };
		83B32E532984D9D500023668 /* Verb.h */ = {isa = PBXFileReference; fileEncoding = 4; lastKnownFileType = sourcecode.c.h; path = Verb.h; sourceTree = "<group>"; };
		83B32E542984D9D500023668 /* Adjective.h */ = {isa = PBXFileReference; fileEncoding = 4; lastKnownFileType = sourcecode.c.h; path = Adjective.h; sourceTree = "<group>"; };
		83B32E552984D9D500023668 /* Word.h */ = {isa = PBXFileReference; fileEncoding = 4; lastKnownFileType = sourcecode.c.h; path = Word.h; sourceTree = "<group>"; };
/* End PBXFileReference section */

/* Begin PBXFrameworksBuildPhase section */
		8305DC062984D81E00BAB753 /* Frameworks */ = {
			isa = PBXFrameworksBuildPhase;
			buildActionMask = 2147483647;
			files = (
			);
			runOnlyForDeploymentPostprocessing = 0;
		};
/* End PBXFrameworksBuildPhase section */

/* Begin PBXGroup section */
		8305DC002984D81E00BAB753 = {
			isa = PBXGroup;
			children = (
				83B32E502984D9D500023668 /* Adjective.cpp */,
				83B32E542984D9D500023668 /* Adjective.h */,
				83B32E512984D9D500023668 /* Adverb.cpp */,
				83B32E4E2984D9D500023668 /* Adverb.h */,
				83B32E492984D9D500023668 /* global.cpp */,
				83B32E4D2984D9D500023668 /* global.h */,
				83B32E4B2984D9D500023668 /* Noun.cpp */,
				83B32E4F2984D9D500023668 /* Noun.h */,
				83B32E482984D9D500023668 /* README.md */,
				83B32E4A2984D9D500023668 /* Verb.cpp */,
				83B32E532984D9D500023668 /* Verb.h */,
				83B32E4C2984D9D500023668 /* Word.cpp */,
				83B32E552984D9D500023668 /* Word.h */,
				83B32E522984D9D500023668 /* main.cpp */,
				8305DC0A2984D81E00BAB753 /* Products */,
			);
			sourceTree = "<group>";
		};
		8305DC0A2984D81E00BAB753 /* Products */ = {
			isa = PBXGroup;
			children = (
				8305DC092984D81E00BAB753 /* Lexical Formatter */,
			);
			name = Products;
			sourceTree = "<group>";
		};
/* End PBXGroup section */

/* Begin PBXNativeTarget section */
		8305DC082984D81E00BAB753 /* Lexical Formatter */ = {
			isa = PBXNativeTarget;
			buildConfigurationList = 8305DC102984D81E00BAB753 /* Build configuration list for PBXNativeTarget "Lexical Formatter" */;
			buildPhases = (
				8305DC052984D81E00BAB753 /* Sources */,
				8305DC062984D81E00BAB753 /* Frameworks */,
				8305DC072984D81E00BAB753 /* CopyFiles */,
			);
			buildRules = (
			);
			dependencies = (
			);
			name = "Lexical Formatter";
			productName = "Lexical Formatter";
			productReference = 8305DC092984D81E00BAB753 /* Lexical Formatter */;
			productType = "com.apple.product-type.tool";
		};
/* End PBXNativeTarget section */

/* Begin PBXProject section */
		8305DC012984D81E00BAB753 /* Project object */ = {
			isa = PBXProject;
			attributes = {
				BuildIndependentTargetsInParallel = 1;
				LastUpgradeCheck = 1420;
				TargetAttributes = {
					8305DC082984D81E00BAB753 = {
						CreatedOnToolsVersion = 14.2;
					};
				};
			};
			buildConfigurationList = 8305DC042984D81E00BAB753 /* Build configuration list for PBXProject "Lexical Formatter" */;
			compatibilityVersion = "Xcode 14.0";
			developmentRegion = en;
			hasScannedForEncodings = 0;
			knownRegions = (
				en,
				Base,
			);
			mainGroup = 8305DC002984D81E00BAB753;
			productRefGroup = 8305DC0A2984D81E00BAB753 /* Products */;
			projectDirPath = "";
			projectRoot = "";
			targets = (
				8305DC082984D81E00BAB753 /* Lexical Formatter */,
			);
		};
/* End PBXProject section */

/* Begin PBXSourcesBuildPhase section */
		8305DC052984D81E00BAB753 /* Sources */ = {
			isa = PBXSourcesBuildPhase;
			buildActionMask = 2147483647;
			files = (
				83B32E582984D9D500023668 /* Noun.cpp in Sources */,
				83B32E592984D9D500023668 /* Word.cpp in Sources */,
				83B32E572984D9D500023668 /* Verb.cpp in Sources */,
				83B32E5B2984D9D500023668 /* Adverb.cpp in Sources */,
				83B32E5C2984D9D500023668 /* main.cpp in Sources */,
				83B32E5A2984D9D500023668 /* Adjective.cpp in Sources */,
				83B32E562984D9D500023668 /* global.cpp in Sources */,
			);
			runOnlyForDeploymentPostprocessing = 0;
		};
/* End PBXSourcesBuildPhase section */

/* Begin XCBuildConfiguration section */
		8305DC0E2984D81E00BAB753 /* Debug */ = {
			isa = XCBuildConfiguration;
			buildSettings = {
				ALWAYS_SEARCH_USER_PATHS = NO;
				CLANG_ANALYZER_NONNULL = YES;
				CLANG_ANALYZER_NUMBER_OBJECT_CONVERSION = YES_AGGRESSIVE;
				CLANG_CXX_LANGUAGE_STANDARD = "gnu++20";
				CLANG_ENABLE_MODULES = YES;
				CLANG_ENABLE_OBJC_ARC = YES;
				CLANG_ENABLE_OBJC_WEAK = YES;
				CLANG_WARN_BLOCK_CAPTURE_AUTORELEASING = YES;
				CLANG_WARN_BOOL_CONVERSION = YES;
				CLANG_WARN_COMMA = YES;
				CLANG_WARN_CONSTANT_CONVERSION = YES;
				CLANG_WARN_DEPRECATED_OBJC_IMPLEMENTATIONS = YES;
				CLANG_WARN_DIRECT_OBJC_ISA_USAGE = YES_ERROR;
				CLANG_WARN_DOCUMENTATION_COMMENTS = YES;
				CLANG_WARN_EMPTY_BODY = YES;
				CLANG_WARN_ENUM_CONVERSION = YES;
				CLANG_WARN_INFINITE_RECURSION = YES;
				CLANG_WARN_INT_CONVERSION = YES;
				CLANG_WARN_NON_LITERAL_NULL_CONVERSION = YES;
				CLANG_WARN_OBJC_IMPLICIT_RETAIN_SELF = YES;
				CLANG_WARN_OBJC_LITERAL_CONVERSION = YES;
				CLANG_WARN_OBJC_ROOT_CLASS = YES_ERROR;
				CLANG_WARN_QUOTED_INCLUDE_IN_FRAMEWORK_HEADER = YES;
				CLANG_WARN_RANGE_LOOP_ANALYSIS = YES;
				CLANG_WARN_STRICT_PROTOTYPES = YES;
				CLANG_WARN_SUSPICIOUS_MOVE = YES;
				CLANG_WARN_UNGUARDED_AVAILABILITY = YES_AGGRESSIVE;
				CLANG_WARN_UNREACHABLE_CODE = YES;
				CLANG_WARN__DUPLICATE_METHOD_MATCH = YES;
				COPY_PHASE_STRIP = NO;
				DEBUG_INFORMATION_FORMAT = dwarf;
				ENABLE_STRICT_OBJC_MSGSEND = YES;
				ENABLE_TESTABILITY = YES;
				GCC_C_LANGUAGE_STANDARD = gnu11;
				GCC_DYNAMIC_NO_PIC = NO;
				GCC_NO_COMMON_BLOCKS = YES;
				GCC_OPTIMIZATION_LEVEL = 0;
				GCC_PREPROCESSOR_DEFINITIONS = (
					"DEBUG=1",
					"$(inherited)",
				);
				GCC_WARN_64_TO_32_BIT_CONVERSION = YES;
				GCC_WARN_ABOUT_RETURN_TYPE = YES_ERROR;
				GCC_WARN_UNDECLARED_SELECTOR = YES;
				GCC_WARN_UNINITIALIZED_AUTOS = YES_AGGRESSIVE;
				GCC_WARN_UNUSED_FUNCTION = YES;
				GCC_WARN_UNUSED_VARIABLE = YES;
				MACOSX_DEPLOYMENT_TARGET = 13.1;
				MTL_ENABLE_DEBUG_INFO = INCLUDE_SOURCE;
				MTL_FAST_MATH = YES;
				ONLY_ACTIVE_ARCH = YES;
				SDKROOT = macosx;
			};
			name = Debug;
		};
		8305DC0F2984D81E00BAB753 /* Release */ = {
			isa = XCBuildConfiguration;
			buildSettings = {
				ALWAYS_SEARCH_USER_PATHS = NO;
				CLANG_ANALYZER_NONNULL = YES;
				CLANG_ANALYZER_NUMBER_OBJECT_CONVERSION = YES_AGGRESSIVE;
				CLANG_CXX_LANGUAGE_STANDARD = "gnu++20";
				CLANG_ENABLE_MODULES = YES;
				CLANG_ENABLE_OBJC_ARC = YES;
				CLANG_ENABLE_OBJC_WEAK = YES;
				CLANG_WARN_BLOCK_CAPTURE_AUTORELEASING = YES;
				CLANG_WARN_BOOL_CONVERSION = YES;
				CLANG_WARN_COMMA = YES;
				CLANG_WARN_CONSTANT_CONVERSION = YES;
				CLANG_WARN_DEPRECATED_OBJC_IMPLEMENTATIONS = YES;
				CLANG_WARN_DIRECT_OBJC_ISA_USAGE = YES_ERROR;
				CLANG_WARN_DOCUMENTATION_COMMENTS = YES;
				CLANG_WARN_EMPTY_BODY = YES;
				CLANG_WARN_ENUM_CONVERSION = YES;
				CLANG_WARN_INFINITE_RECURSION = YES;
				CLANG_WARN_INT_CONVERSION = YES;
				CLANG_WARN_NON_LITERAL_NULL_CONVERSION = YES;
				CLANG_WARN_OBJC_IMPLICIT_RETAIN_SELF = YES;
				CLANG_WARN_OBJC_LITERAL_CONVERSION = YES;
				CLANG_WARN_OBJC_ROOT_CLASS = YES_ERROR;
				CLANG_WARN_QUOTED_INCLUDE_IN_FRAMEWORK_HEADER = YES;
				CLANG_WARN_RANGE_LOOP_ANALYSIS = YES;
				CLANG_WARN_STRICT_PROTOTYPES = YES;
				CLANG_WARN_SUSPICIOUS_MOVE = YES;
				CLANG_WARN_UNGUARDED_AVAILABILITY = YES_AGGRESSIVE;
				CLANG_WARN_UNREACHABLE_CODE = YES;
				CLANG_WARN__DUPLICATE_METHOD_MATCH = YES;
				COPY_PHASE_STRIP = NO;
				DEBUG_INFORMATION_FORMAT = "dwarf-with-dsym";
				ENABLE_NS_ASSERTIONS = NO;
				ENABLE_STRICT_OBJC_MSGSEND = YES;
				GCC_C_LANGUAGE_STANDARD = gnu11;
				GCC_NO_COMMON_BLOCKS = YES;
				GCC_WARN_64_TO_32_BIT_CONVERSION = YES;
				GCC_WARN_ABOUT_RETURN_TYPE = YES_ERROR;
				GCC_WARN_UNDECLARED_SELECTOR = YES;
				GCC_WARN_UNINITIALIZED_AUTOS = YES_AGGRESSIVE;
				GCC_WARN_UNUSED_FUNCTION = YES;
				GCC_WARN_UNUSED_VARIABLE = YES;
				MACOSX_DEPLOYMENT_TARGET = 13.1;
				MTL_ENABLE_DEBUG_INFO = NO;
				MTL_FAST_MATH = YES;
				SDKROOT = macosx;
			};
			name = Release;
		};
		8305DC112984D81E00BAB753 /* Debug */ = {
			isa = XCBuildConfiguration;
			buildSettings = {
				CODE_SIGN_STYLE = Automatic;
				DEVELOPMENT_TEAM = HQMTURK5Q5;
				ENABLE_HARDENED_RUNTIME = YES;
				PRODUCT_NAME = "$(TARGET_NAME)";
			};
			name = Debug;
		};
		8305DC122984D81E00BAB753 /* Release */ = {
			isa = XCBuildConfiguration;
			buildSettings = {
				CODE_SIGN_STYLE = Automatic;
				DEVELOPMENT_TEAM = HQMTURK5Q5;
				ENABLE_HARDENED_RUNTIME = YES;
				PRODUCT_NAME = "$(TARGET_NAME)";
			};
			name = Release;
		};
/* End XCBuildConfiguration section */

/* Begin XCConfigurationList section */
		8305DC042984D81E00BAB753 /* Build configuration list for PBXProject "Lexical Formatter" */ = {
			isa = XCConfigurationList;
			buildConfigurations = (
				8305DC0E2984D81E00BAB753 /* Debug */,
				8305DC0F2984D81E00BAB753 /* Release */,
			);
			defaultConfigurationIsVisible = 0;
			defaultConfigurationName = Release;
		};
		8305DC102984D81E00BAB753 /* Build configuration list for PBXNativeTarget "Lexical Formatter" */ = {
			isa = XCConfigurationList;
			buildConfigurations = (
				8305DC112984D81E00BAB753 /* Debug */,
				8305DC122984D81E00BAB753 /* Release */,
			);
			defaultConfigurationIsVisible = 0;
			defaultConfigurationName = Release;
		};
/* End XCConfigurationList section */
	};
	rootObject = 8305DC012984D81E00BAB753 /* Project object */;
}
